
Microsoft Visual Studio Solution File, Format Version 12.00
# Visual Studio Version 16
VisualStudioVersion = 16.0.29509.3
MinimumVisualStudioVersion = 10.0.40219.1
Project("{FAE04EC0-301F-11D3-BF4B-00C04F79EFBC}") = "InvaAPI", "InvaAPI\InvaAPI.csproj", "{35B18C7F-705F-412D-98C2-14628B74162D}"
EndProject
Project("{FAE04EC0-301F-11D3-BF4B-00C04F79EFBC}") = "InvaAPI.Tests", "InvaAPI.Tests\InvaAPI.Tests.csproj", "{93BCAB00-FE30-445A-8CB0-D078332BD36E}"
EndProject
Global
	GlobalSection(SolutionConfigurationPlatforms) = preSolution
		Debug|Any CPU = Debug|Any CPU
		Release|Any CPU = Release|Any CPU
	EndGlobalSection
	GlobalSection(ProjectConfigurationPlatforms) = postSolution
		{35B18C7F-705F-412D-98C2-14628B74162D}.Debug|Any CPU.ActiveCfg = Debug|Any CPU
		{35B18C7F-705F-412D-98C2-14628B74162D}.Debug|Any CPU.Build.0 = Debug|Any CPU
		{35B18C7F-705F-412D-98C2-14628B74162D}.Release|Any CPU.ActiveCfg = Release|Any CPU
		{35B18C7F-705F-412D-98C2-14628B74162D}.Release|Any CPU.Build.0 = Release|Any CPU
		{93BCAB00-FE30-445A-8CB0-D078332BD36E}.Debug|Any CPU.ActiveCfg = Debug|Any CPU
		{93BCAB00-FE30-445A-8CB0-D078332BD36E}.Debug|Any CPU.Build.0 = Debug|Any CPU
		{93BCAB00-FE30-445A-8CB0-D078332BD36E}.Release|Any CPU.ActiveCfg = Release|Any CPU
		{93BCAB00-FE30-445A-8CB0-D078332BD36E}.Release|Any CPU.Build.0 = Release|Any CPU
	EndGlobalSection
	GlobalSection(SolutionProperties) = preSolution
		HideSolutionNode = FALSE
	EndGlobalSection
	GlobalSection(ExtensibilityGlobals) = postSolution
		SolutionGuid = {0DDB5968-C3B8-400E-B997-8DE01A73AA77}
	EndGlobalSection
EndGlobal
